
Microsoft Visual Studio Solution File, Format Version 12.00
# Visual Studio Version 17
VisualStudioVersion = 17.0.31903.59
MinimumVisualStudioVersion = 10.0.40219.1
Project("{2150E333-8FDC-42A3-9474-1A3956D46DE8}") = "APIs", "APIs", "{50BC6CD5-4585-4DD0-8352-CA83B5BA2FE0}"
EndProject
Project("{2150E333-8FDC-42A3-9474-1A3956D46DE8}") = "Shared", "Shared", "{0ACDCDFF-A4A4-40F7-BA06-A5E0AE0A4D4E}"
EndProject
Project("{2150E333-8FDC-42A3-9474-1A3956D46DE8}") = "Tests", "Tests", "{A5E4389B-5734-455D-A21C-E1FA99C15A25}"
EndProject
Project("{9A19103F-16F7-4668-BE54-9A1E7A4F7556}") = "TGZ.API", "APIs\TGZ.API\TGZ.API.csproj", "{9D2C4FA7-CE9B-4F60-A108-697F1D984AD9}"
EndProject
Project("{9A19103F-16F7-4668-BE54-9A1E7A4F7556}") = "TZZ.Common", "Shared\TZZ.Common\TZZ.Common.csproj", "{DA7A658A-AED9-439C-B346-971B9492F78F}"
EndProject
Project("{9A19103F-16F7-4668-BE54-9A1E7A4F7556}") = "TZZ.Domain", "Shared\TZZ.Domain\TZZ.Domain.csproj", "{D2BE10A8-3950-4BEA-AD0C-DD66A815AF68}"
EndProject
Project("{9A19103F-16F7-4668-BE54-9A1E7A4F7556}") = "TZZ.Core", "Shared\TZZ.Core\TZZ.Core.csproj", "{5E1EE0C1-3A51-48A6-BA9E-291E49D48031}"
EndProject
Project("{9A19103F-16F7-4668-BE54-9A1E7A4F7556}") = "TZZ.Infrastructure", "Shared\TZZ.Infrastructure\TZZ.Infrastructure.csproj", "{F7E0CFF8-9ECC-4D6D-A814-0BAE04761E35}"
EndProject
Project("{2150E333-8FDC-42A3-9474-1A3956D46DE8}") = "Documents", "Documents", "{0EC6A6AA-28D0-4A0E-A5A3-1FCBAD018A46}"
	ProjectSection(SolutionItems) = preProject
		.gitignore = .gitignore
		prometheus-dev.yaml = prometheus-dev.yaml
		README.md = README.md
		Todos.md = Todos.md
	EndProjectSection
EndProject
Project("{9A19103F-16F7-4668-BE54-9A1E7A4F7556}") = "TZZ.API", "APIs\TZZ.API\TZZ.API.csproj", "{078465A6-6B16-4145-9C0B-A89DA901F0B0}"
EndProject
Project("{9A19103F-16F7-4668-BE54-9A1E7A4F7556}") = "TZZ.WebShared", "Shared\TZZ.WebShared\TZZ.WebShared.csproj", "{60B094F8-4928-48CF-9E7D-E573AB7D0DB0}"
EndProject
Project("{9A19103F-16F7-4668-BE54-9A1E7A4F7556}") = "Crapazon.API", "APIs\Crapazon.API\Crapazon.API.csproj", "{471FFF0D-5897-4A79-90A2-5ECA641C84E4}"
EndProject
Project("{2150E333-8FDC-42A3-9474-1A3956D46DE8}") = "Tools", "Tools", "{8B55633E-B213-4AF1-9B5A-DFD48E473BA8}"
EndProject
Project("{9A19103F-16F7-4668-BE54-9A1E7A4F7556}") = "TZZ.Console", "Tools\TZZ.Console\TZZ.Console.csproj", "{E06F09FB-FECB-44C1-B2FA-66F0ACB5FCF0}"
EndProject
Project("{FAE04EC0-301F-11D3-BF4B-00C04F79EFBC}") = "PP.API", "APIs\PP.API\PP.API.csproj", "{FBCE9EE9-D1C3-45E6-AE77-ADC7684C7309}"
EndProject
Project("{2150E333-8FDC-42A3-9474-1A3956D46DE8}") = "Solution Items", "Solution Items", "{8EC462FD-D22E-90A8-E5CE-7E832BA40C5D}"
	ProjectSection(SolutionItems) = preProject
		Directory.Build.props = Directory.Build.props
	EndProjectSection
EndProject
Global
	GlobalSection(SolutionConfigurationPlatforms) = preSolution
		Debug|Any CPU = Debug|Any CPU
		Release|Any CPU = Release|Any CPU
	EndGlobalSection
	GlobalSection(ProjectConfigurationPlatforms) = postSolution
		{9D2C4FA7-CE9B-4F60-A108-697F1D984AD9}.Debug|Any CPU.ActiveCfg = Debug|Any CPU
		{9D2C4FA7-CE9B-4F60-A108-697F1D984AD9}.Debug|Any CPU.Build.0 = Debug|Any CPU
		{9D2C4FA7-CE9B-4F60-A108-697F1D984AD9}.Release|Any CPU.ActiveCfg = Release|Any CPU
		{9D2C4FA7-CE9B-4F60-A108-697F1D984AD9}.Release|Any CPU.Build.0 = Release|Any CPU
		{DA7A658A-AED9-439C-B346-971B9492F78F}.Debug|Any CPU.ActiveCfg = Debug|Any CPU
		{DA7A658A-AED9-439C-B346-971B9492F78F}.Debug|Any CPU.Build.0 = Debug|Any CPU
		{DA7A658A-AED9-439C-B346-971B9492F78F}.Release|Any CPU.ActiveCfg = Release|Any CPU
		{DA7A658A-AED9-439C-B346-971B9492F78F}.Release|Any CPU.Build.0 = Release|Any CPU
		{D2BE10A8-3950-4BEA-AD0C-DD66A815AF68}.Debug|Any CPU.ActiveCfg = Debug|Any CPU
		{D2BE10A8-3950-4BEA-AD0C-DD66A815AF68}.Debug|Any CPU.Build.0 = Debug|Any CPU
		{D2BE10A8-3950-4BEA-AD0C-DD66A815AF68}.Release|Any CPU.ActiveCfg = Release|Any CPU
		{D2BE10A8-3950-4BEA-AD0C-DD66A815AF68}.Release|Any CPU.Build.0 = Release|Any CPU
		{5E1EE0C1-3A51-48A6-BA9E-291E49D48031}.Debug|Any CPU.ActiveCfg = Debug|Any CPU
		{5E1EE0C1-3A51-48A6-BA9E-291E49D48031}.Debug|Any CPU.Build.0 = Debug|Any CPU
		{5E1EE0C1-3A51-48A6-BA9E-291E49D48031}.Release|Any CPU.ActiveCfg = Release|Any CPU
		{5E1EE0C1-3A51-48A6-BA9E-291E49D48031}.Release|Any CPU.Build.0 = Release|Any CPU
		{F7E0CFF8-9ECC-4D6D-A814-0BAE04761E35}.Debug|Any CPU.ActiveCfg = Debug|Any CPU
		{F7E0CFF8-9ECC-4D6D-A814-0BAE04761E35}.Debug|Any CPU.Build.0 = Debug|Any CPU
		{F7E0CFF8-9ECC-4D6D-A814-0BAE04761E35}.Release|Any CPU.ActiveCfg = Release|Any CPU
		{F7E0CFF8-9ECC-4D6D-A814-0BAE04761E35}.Release|Any CPU.Build.0 = Release|Any CPU
		{078465A6-6B16-4145-9C0B-A89DA901F0B0}.Debug|Any CPU.ActiveCfg = Debug|Any CPU
		{078465A6-6B16-4145-9C0B-A89DA901F0B0}.Debug|Any CPU.Build.0 = Debug|Any CPU
		{078465A6-6B16-4145-9C0B-A89DA901F0B0}.Release|Any CPU.ActiveCfg = Release|Any CPU
		{078465A6-6B16-4145-9C0B-A89DA901F0B0}.Release|Any CPU.Build.0 = Release|Any CPU
		{60B094F8-4928-48CF-9E7D-E573AB7D0DB0}.Debug|Any CPU.ActiveCfg = Debug|Any CPU
		{60B094F8-4928-48CF-9E7D-E573AB7D0DB0}.Debug|Any CPU.Build.0 = Debug|Any CPU
		{60B094F8-4928-48CF-9E7D-E573AB7D0DB0}.Release|Any CPU.ActiveCfg = Release|Any CPU
		{60B094F8-4928-48CF-9E7D-E573AB7D0DB0}.Release|Any CPU.Build.0 = Release|Any CPU
		{471FFF0D-5897-4A79-90A2-5ECA641C84E4}.Debug|Any CPU.ActiveCfg = Debug|Any CPU
		{471FFF0D-5897-4A79-90A2-5ECA641C84E4}.Debug|Any CPU.Build.0 = Debug|Any CPU
		{471FFF0D-5897-4A79-90A2-5ECA641C84E4}.Release|Any CPU.ActiveCfg = Release|Any CPU
		{471FFF0D-5897-4A79-90A2-5ECA641C84E4}.Release|Any CPU.Build.0 = Release|Any CPU
		{E06F09FB-FECB-44C1-B2FA-66F0ACB5FCF0}.Debug|Any CPU.ActiveCfg = Debug|Any CPU
		{E06F09FB-FECB-44C1-B2FA-66F0ACB5FCF0}.Debug|Any CPU.Build.0 = Debug|Any CPU
		{E06F09FB-FECB-44C1-B2FA-66F0ACB5FCF0}.Release|Any CPU.ActiveCfg = Release|Any CPU
		{E06F09FB-FECB-44C1-B2FA-66F0ACB5FCF0}.Release|Any CPU.Build.0 = Release|Any CPU
		{FBCE9EE9-D1C3-45E6-AE77-ADC7684C7309}.Debug|Any CPU.ActiveCfg = Debug|Any CPU
		{FBCE9EE9-D1C3-45E6-AE77-ADC7684C7309}.Debug|Any CPU.Build.0 = Debug|Any CPU
		{FBCE9EE9-D1C3-45E6-AE77-ADC7684C7309}.Release|Any CPU.ActiveCfg = Release|Any CPU
		{FBCE9EE9-D1C3-45E6-AE77-ADC7684C7309}.Release|Any CPU.Build.0 = Release|Any CPU
	EndGlobalSection
	GlobalSection(SolutionProperties) = preSolution
		HideSolutionNode = FALSE
	EndGlobalSection
	GlobalSection(NestedProjects) = preSolution
		{9D2C4FA7-CE9B-4F60-A108-697F1D984AD9} = {50BC6CD5-4585-4DD0-8352-CA83B5BA2FE0}
		{DA7A658A-AED9-439C-B346-971B9492F78F} = {0ACDCDFF-A4A4-40F7-BA06-A5E0AE0A4D4E}
		{D2BE10A8-3950-4BEA-AD0C-DD66A815AF68} = {0ACDCDFF-A4A4-40F7-BA06-A5E0AE0A4D4E}
		{5E1EE0C1-3A51-48A6-BA9E-291E49D48031} = {0ACDCDFF-A4A4-40F7-BA06-A5E0AE0A4D4E}
		{F7E0CFF8-9ECC-4D6D-A814-0BAE04761E35} = {0ACDCDFF-A4A4-40F7-BA06-A5E0AE0A4D4E}
		{078465A6-6B16-4145-9C0B-A89DA901F0B0} = {50BC6CD5-4585-4DD0-8352-CA83B5BA2FE0}
		{60B094F8-4928-48CF-9E7D-E573AB7D0DB0} = {0ACDCDFF-A4A4-40F7-BA06-A5E0AE0A4D4E}
		{471FFF0D-5897-4A79-90A2-5ECA641C84E4} = {50BC6CD5-4585-4DD0-8352-CA83B5BA2FE0}
		{E06F09FB-FECB-44C1-B2FA-66F0ACB5FCF0} = {8B55633E-B213-4AF1-9B5A-DFD48E473BA8}
		{FBCE9EE9-D1C3-45E6-AE77-ADC7684C7309} = {50BC6CD5-4585-4DD0-8352-CA83B5BA2FE0}
	EndGlobalSection
	GlobalSection(ExtensibilityGlobals) = postSolution
		SolutionGuid = {58DDE36C-1C3D-4145-82AD-6FB582EF9BFF}
	EndGlobalSection
EndGlobal
